{
    "version": 3,
    "terraform_version": "0.11.13",
    "serial": 3,
    "lineage": "708bcc86-ec8a-1218-6144-5ebf288d5fbe",
    "modules": [
        {
            "path": [
                "root"
            ],
            "outputs": {},
            "resources": {
                "digitalocean_droplet.mongo-test1": {
                    "type": "digitalocean_droplet",
                    "depends_on": [
                        "digitalocean_ssh_key.ins_default"
                    ],
                    "primary": {
                        "id": "144201355",
                        "attributes": {
                            "backups": "false",
                            "disk": "25",
                            "id": "144201355",
                            "image": "ubuntu-18-04-x64",
                            "ipv4_address": "134.209.237.188",
                            "ipv4_address_private": "",
                            "ipv6": "false",
                            "ipv6_address": "",
                            "ipv6_address_private": "",
                            "locked": "false",
                            "memory": "1024",
                            "monitoring": "false",
                            "name": "mongo-test1",
                            "price_hourly": "0.00744",
                            "price_monthly": "5",
                            "private_networking": "false",
                            "region": "fra1",
                            "resize_disk": "true",
                            "size": "s-1vcpu-1gb",
                            "ssh_keys.#": "1",
                            "ssh_keys.2122911737": "98:e6:b2:d2:ae:1f:12:98:ac:4b:08:5d:45:85:49:ff",
                            "status": "active",
                            "tags.#": "0",
                            "urn": "do:droplet:144201355",
                            "vcpus": "1",
                            "volume_ids.#": "0"
                        },
                        "meta": {
                            "schema_version": "1"
                        },
                        "tainted": false
                    },
                    "deposed": [],
                    "provider": "provider.digitalocean"
                },
                "digitalocean_droplet.mongo-test2": {
                    "type": "digitalocean_droplet",
                    "depends_on": [
                        "digitalocean_ssh_key.ins_default"
                    ],
                    "primary": {
                        "id": "144201354",
                        "attributes": {
                            "backups": "false",
                            "disk": "25",
                            "id": "144201354",
                            "image": "ubuntu-18-04-x64",
                            "ipv4_address": "134.209.227.109",
                            "ipv4_address_private": "",
                            "ipv6": "false",
                            "ipv6_address": "",
                            "ipv6_address_private": "",
                            "locked": "false",
                            "memory": "1024",
                            "monitoring": "false",
                            "name": "mongo-test2",
                            "price_hourly": "0.00744",
                            "price_monthly": "5",
                            "private_networking": "false",
                            "region": "fra1",
                            "resize_disk": "true",
                            "size": "s-1vcpu-1gb",
                            "ssh_keys.#": "1",
                            "ssh_keys.2122911737": "98:e6:b2:d2:ae:1f:12:98:ac:4b:08:5d:45:85:49:ff",
                            "status": "active",
                            "tags.#": "0",
                            "urn": "do:droplet:144201354",
                            "vcpus": "1",
                            "volume_ids.#": "0"
                        },
                        "meta": {
                            "schema_version": "1"
                        },
                        "tainted": false
                    },
                    "deposed": [],
                    "provider": "provider.digitalocean"
                },
                "digitalocean_droplet.mongo-test3": {
                    "type": "digitalocean_droplet",
                    "depends_on": [
                        "digitalocean_ssh_key.ins_default"
                    ],
                    "primary": {
                        "id": "144201352",
                        "attributes": {
                            "backups": "false",
                            "disk": "25",
                            "id": "144201352",
                            "image": "ubuntu-18-04-x64",
                            "ipv4_address": "134.209.237.142",
                            "ipv4_address_private": "",
                            "ipv6": "false",
                            "ipv6_address": "",
                            "ipv6_address_private": "",
                            "locked": "false",
                            "memory": "1024",
                            "monitoring": "false",
                            "name": "mongo-test3",
                            "price_hourly": "0.00744",
                            "price_monthly": "5",
                            "private_networking": "false",
                            "region": "fra1",
                            "resize_disk": "true",
                            "size": "s-1vcpu-1gb",
                            "ssh_keys.#": "1",
                            "ssh_keys.2122911737": "98:e6:b2:d2:ae:1f:12:98:ac:4b:08:5d:45:85:49:ff",
                            "status": "active",
                            "tags.#": "0",
                            "urn": "do:droplet:144201352",
                            "vcpus": "1",
                            "volume_ids.#": "0"
                        },
                        "meta": {
                            "schema_version": "1"
                        },
                        "tainted": false
                    },
                    "deposed": [],
                    "provider": "provider.digitalocean"
                },
                "digitalocean_ssh_key.ins_default": {
                    "type": "digitalocean_ssh_key",
                    "depends_on": [],
                    "primary": {
                        "id": "24599379",
                        "attributes": {
                            "fingerprint": "98:e6:b2:d2:ae:1f:12:98:ac:4b:08:5d:45:85:49:ff",
                            "id": "24599379",
                            "name": "InSales testcase",
                            "public_key": "ssh-rsa AAAAB3NzaC1yc2EAAAADAQABAAABAQClCOIxEve1BfxpaO2Ti1mOP1TD3eAju+Smta6Cx/4oYeJVx6ILv/LUlkPr7wV7xLWNKSc1NUXHo7L+QM5CV5A+xqEu3Y5xNK1ujZBkuyzvPPawIWjHP6+jEwF7T/03vo1L7u5r/xOg8X9qYbkjrUXdrmx9stSP6VUgc7iyQsIzbfvQfaIb5CFlz9gdtVI5mkq8ZSB15SJ5GZ2U+/HzTVzzIFUDkErs/1SDvmUgPew2iMtN/aqHEveO6OXwDI5S1eUNm77xoM6G3ZRJCUzj53hbm96gVjJ7eCXTxB2lAWHXlDZpmzrAalOokpo81DgdR3XcfSKm3GzVetUWP1EBEW2r tuser@ubuntu"
                        },
                        "meta": {},
                        "tainted": false
                    },
                    "deposed": [],
                    "provider": "provider.digitalocean"
                },
                "null_resource.ansible-provision": {
                    "type": "null_resource",
                    "depends_on": [
                        "digitalocean_droplet.mongo-test1",
                        "digitalocean_droplet.mongo-test2",
                        "digitalocean_droplet.mongo-test3"
                    ],
                    "primary": {
                        "id": "4873356461515938988",
                        "attributes": {
                            "id": "4873356461515938988"
                        },
                        "meta": {},
                        "tainted": true
                    },
                    "deposed": [],
                    "provider": "provider.null"
                }
            },
            "depends_on": []
        }
    ]
}
